
Microsoft Visual Studio Solution File, Format Version 12.00
# Visual Studio Version 16
VisualStudioVersion = 16.0.28729.10
MinimumVisualStudioVersion = 10.0.40219.1
Project("{FAE04EC0-301F-11D3-BF4B-00C04F79EFBC}") = "PersikSharp", "PersikSharp\PersikSharp.csproj", "{8008241D-F3E6-47CD-BE43-6A5A51FA3EE8}"
EndProject
Global
	GlobalSection(SolutionConfigurationPlatforms) = preSolution
		Debug|Any CPU = Debug|Any CPU
		Release|Any CPU = Release|Any CPU
	EndGlobalSection
	GlobalSection(ProjectConfigurationPlatforms) = postSolution
		{8008241D-F3E6-47CD-BE43-6A5A51FA3EE8}.Debug|Any CPU.ActiveCfg = Debug|Any CPU
		{8008241D-F3E6-47CD-BE43-6A5A51FA3EE8}.Debug|Any CPU.Build.0 = Debug|Any CPU
		{8008241D-F3E6-47CD-BE43-6A5A51FA3EE8}.Release|Any CPU.ActiveCfg = Release|Any CPU
		{8008241D-F3E6-47CD-BE43-6A5A51FA3EE8}.Release|Any CPU.Build.0 = Release|Any CPU
	EndGlobalSection
	GlobalSection(SolutionProperties) = preSolution
		HideSolutionNode = FALSE
	EndGlobalSection
	GlobalSection(ExtensibilityGlobals) = postSolution
		SolutionGuid = {BD754B56-329D-4969-AD02-8DD86D116E13}
	EndGlobalSection
EndGlobal
